
Microsoft Visual Studio Solution File, Format Version 12.00
# Visual Studio Version 16
VisualStudioVersion = 16.0.31729.503
MinimumVisualStudioVersion = 10.0.40219.1
Project("{FAE04EC0-301F-11D3-BF4B-00C04F79EFBC}") = "QuanLyKhuCachLy", "QuanLyKhuCachLy\QuanLyKhuCachLy.csproj", "{5CACFACA-2027-49FF-B6CD-6AD96A4928AB}"
EndProject
Project("{54435603-DBB4-11D2-8724-00A0C9A8B90C}") = "QLKCLSetUp", "QLKCLSetUp\QLKCLSetUp.vdproj", "{0FBBDB24-9D38-44A7-811B-52B817B634E0}"
EndProject
Global
	GlobalSection(SolutionConfigurationPlatforms) = preSolution
		Debug|Any CPU = Debug|Any CPU
		Release|Any CPU = Release|Any CPU
	EndGlobalSection
	GlobalSection(ProjectConfigurationPlatforms) = postSolution
		{5CACFACA-2027-49FF-B6CD-6AD96A4928AB}.Debug|Any CPU.ActiveCfg = Debug|Any CPU
		{5CACFACA-2027-49FF-B6CD-6AD96A4928AB}.Debug|Any CPU.Build.0 = Debug|Any CPU
		{5CACFACA-2027-49FF-B6CD-6AD96A4928AB}.Release|Any CPU.ActiveCfg = Release|Any CPU
		{5CACFACA-2027-49FF-B6CD-6AD96A4928AB}.Release|Any CPU.Build.0 = Release|Any CPU
		{0FBBDB24-9D38-44A7-811B-52B817B634E0}.Debug|Any CPU.ActiveCfg = Debug
		{0FBBDB24-9D38-44A7-811B-52B817B634E0}.Release|Any CPU.ActiveCfg = Release
	EndGlobalSection
	GlobalSection(SolutionProperties) = preSolution
		HideSolutionNode = FALSE
	EndGlobalSection
	GlobalSection(ExtensibilityGlobals) = postSolution
		SolutionGuid = {D644FCAB-4B81-4DDD-9E48-F66FBFD9691F}
	EndGlobalSection
EndGlobal
